Microsoft Visual Studio Solution File, Format Version 12.00
# Visual Studio Version 17
VisualStudioVersion = 17.0.31903.59
MinimumVisualStudioVersion = 10.0.40219.1
Project("{FAE04EC0-301F-11D3-BF4B-00C04F79EFBC}") = "AssetReview.Tool", "src\AssetReview.Tool\AssetReview.Tool.csproj", "{11711F51-313B-4D82-8843-163ABDC64A21}"
EndProject
Project("{FAE04EC0-301F-11D3-BF4B-00C04F79EFBC}") = "_build", "_build\_build.csproj", "{98761AAF-1A04-4E68-AFD2-6F3FDD0C1C51}"
EndProject
Project("{2150E333-8FDC-42A3-9474-1A3956D46DE8}") = "tests", "tests", "{0AB3BF05-4346-4AA6-1389-037BE0695223}"
EndProject
Project("{FAE04EC0-301F-11D3-BF4B-00C04F79EFBC}") = "AssetReview.AiUnit.Tests", "tests\AssetReview.AiUnit.Tests\AssetReview.AiUnit.Tests.csproj", "{EE7E8109-F9DD-4FFF-8EE9-96DC113686F1}"
EndProject
Project("{FAE04EC0-301F-11D3-BF4B-00C04F79EFBC}") = "AssetReview.Tool.Tests", "tests\AssetReview.Tool.Tests\AssetReview.Tool.Tests.csproj", "{2C43817B-DA9A-48FC-9A5D-74956ABD79C3}"
EndProject
Project("{2150E333-8FDC-42A3-9474-1A3956D46DE8}") = "src", "src", "{827E0CD3-B72D-47B6-A68D-7590B98EB39B}"
EndProject
Global
	GlobalSection(SolutionConfigurationPlatforms) = preSolution
		Debug|Any CPU = Debug|Any CPU
		Debug|x64 = Debug|x64
		Debug|x86 = Debug|x86
		Release|Any CPU = Release|Any CPU
		Release|x64 = Release|x64
		Release|x86 = Release|x86
	EndGlobalSection
	GlobalSection(ProjectConfigurationPlatforms) = postSolution
		{11711F51-313B-4D82-8843-163ABDC64A21}.Debug|Any CPU.ActiveCfg = Debug|Any CPU
		{11711F51-313B-4D82-8843-163ABDC64A21}.Debug|Any CPU.Build.0 = Debug|Any CPU
		{11711F51-313B-4D82-8843-163ABDC64A21}.Debug|x64.ActiveCfg = Debug|Any CPU
		{11711F51-313B-4D82-8843-163ABDC64A21}.Debug|x64.Build.0 = Debug|Any CPU
		{11711F51-313B-4D82-8843-163ABDC64A21}.Debug|x86.ActiveCfg = Debug|Any CPU
		{11711F51-313B-4D82-8843-163ABDC64A21}.Debug|x86.Build.0 = Debug|Any CPU
		{11711F51-313B-4D82-8843-163ABDC64A21}.Release|Any CPU.ActiveCfg = Release|Any CPU
		{11711F51-313B-4D82-8843-163ABDC64A21}.Release|Any CPU.Build.0 = Release|Any CPU
		{11711F51-313B-4D82-8843-163ABDC64A21}.Release|x64.ActiveCfg = Release|Any CPU
		{11711F51-313B-4D82-8843-163ABDC64A21}.Release|x64.Build.0 = Release|Any CPU
		{11711F51-313B-4D82-8843-163ABDC64A21}.Release|x86.ActiveCfg = Release|Any CPU
		{11711F51-313B-4D82-8843-163ABDC64A21}.Release|x86.Build.0 = Release|Any CPU
		{98761AAF-1A04-4E68-AFD2-6F3FDD0C1C51}.Debug|Any CPU.ActiveCfg = Debug|Any CPU
		{98761AAF-1A04-4E68-AFD2-6F3FDD0C1C51}.Debug|Any CPU.Build.0 = Debug|Any CPU
		{98761AAF-1A04-4E68-AFD2-6F3FDD0C1C51}.Debug|x64.ActiveCfg = Debug|Any CPU
		{98761AAF-1A04-4E68-AFD2-6F3FDD0C1C51}.Debug|x64.Build.0 = Debug|Any CPU
		{98761AAF-1A04-4E68-AFD2-6F3FDD0C1C51}.Debug|x86.ActiveCfg = Debug|Any CPU
		{98761AAF-1A04-4E68-AFD2-6F3FDD0C1C51}.Debug|x86.Build.0 = Debug|Any CPU
		{98761AAF-1A04-4E68-AFD2-6F3FDD0C1C51}.Release|Any CPU.ActiveCfg = Release|Any CPU
		{98761AAF-1A04-4E68-AFD2-6F3FDD0C1C51}.Release|Any CPU.Build.0 = Release|Any CPU
		{98761AAF-1A04-4E68-AFD2-6F3FDD0C1C51}.Release|x64.ActiveCfg = Release|Any CPU
		{98761AAF-1A04-4E68-AFD2-6F3FDD0C1C51}.Release|x64.Build.0 = Release|Any CPU
		{98761AAF-1A04-4E68-AFD2-6F3FDD0C1C51}.Release|x86.ActiveCfg = Release|Any CPU
		{98761AAF-1A04-4E68-AFD2-6F3FDD0C1C51}.Release|x86.Build.0 = Release|Any CPU
		{EE7E8109-F9DD-4FFF-8EE9-96DC113686F1}.Debug|Any CPU.ActiveCfg = Debug|Any CPU
		{EE7E8109-F9DD-4FFF-8EE9-96DC113686F1}.Debug|Any CPU.Build.0 = Debug|Any CPU
		{EE7E8109-F9DD-4FFF-8EE9-96DC113686F1}.Debug|x64.ActiveCfg = Debug|Any CPU
		{EE7E8109-F9DD-4FFF-8EE9-96DC113686F1}.Debug|x64.Build.0 = Debug|Any CPU
		{EE7E8109-F9DD-4FFF-8EE9-96DC113686F1}.Debug|x86.ActiveCfg = Debug|Any CPU
		{EE7E8109-F9DD-4FFF-8EE9-96DC113686F1}.Debug|x86.Build.0 = Debug|Any CPU
		{EE7E8109-F9DD-4FFF-8EE9-96DC113686F1}.Release|Any CPU.ActiveCfg = Release|Any CPU
		{EE7E8109-F9DD-4FFF-8EE9-96DC113686F1}.Release|Any CPU.Build.0 = Release|Any CPU
		{EE7E8109-F9DD-4FFF-8EE9-96DC113686F1}.Release|x64.ActiveCfg = Release|Any CPU
		{EE7E8109-F9DD-4FFF-8EE9-96DC113686F1}.Release|x64.Build.0 = Release|Any CPU
		{EE7E8109-F9DD-4FFF-8EE9-96DC113686F1}.Release|x86.ActiveCfg = Release|Any CPU
		{EE7E8109-F9DD-4FFF-8EE9-96DC113686F1}.Release|x86.Build.0 = Release|Any CPU
		{2C43817B-DA9A-48FC-9A5D-74956ABD79C3}.Debug|Any CPU.ActiveCfg = Debug|Any CPU
		{2C43817B-DA9A-48FC-9A5D-74956ABD79C3}.Debug|Any CPU.Build.0 = Debug|Any CPU
		{2C43817B-DA9A-48FC-9A5D-74956ABD79C3}.Debug|x64.ActiveCfg = Debug|Any CPU
		{2C43817B-DA9A-48FC-9A5D-74956ABD79C3}.Debug|x64.Build.0 = Debug|Any CPU
		{2C43817B-DA9A-48FC-9A5D-74956ABD79C3}.Debug|x86.ActiveCfg = Debug|Any CPU
		{2C43817B-DA9A-48FC-9A5D-74956ABD79C3}.Debug|x86.Build.0 = Debug|Any CPU
		{2C43817B-DA9A-48FC-9A5D-74956ABD79C3}.Release|Any CPU.ActiveCfg = Release|Any CPU
		{2C43817B-DA9A-48FC-9A5D-74956ABD79C3}.Release|Any CPU.Build.0 = Release|Any CPU
		{2C43817B-DA9A-48FC-9A5D-74956ABD79C3}.Release|x64.ActiveCfg = Release|Any CPU
		{2C43817B-DA9A-48FC-9A5D-74956ABD79C3}.Release|x64.Build.0 = Release|Any CPU
		{2C43817B-DA9A-48FC-9A5D-74956ABD79C3}.Release|x86.ActiveCfg = Release|Any CPU
		{2C43817B-DA9A-48FC-9A5D-74956ABD79C3}.Release|x86.Build.0 = Release|Any CPU
	EndGlobalSection
	GlobalSection(SolutionProperties) = preSolution
		HideSolutionNode = FALSE
	EndGlobalSection
	GlobalSection(NestedProjects) = preSolution
		{EE7E8109-F9DD-4FFF-8EE9-96DC113686F1} = {0AB3BF05-4346-4AA6-1389-037BE0695223}
		{2C43817B-DA9A-48FC-9A5D-74956ABD79C3} = {0AB3BF05-4346-4AA6-1389-037BE0695223}
	EndGlobalSection
EndGlobal